
Microsoft Visual Studio Solution File, Format Version 12.00
# Visual Studio Version 17
VisualStudioVersion = 17.0.31903.59
MinimumVisualStudioVersion = 10.0.40219.1
Project("{2150E333-8FDC-42A3-9474-1A3956D46DE8}") = "src", "src", "{827E0CD3-B72D-47B6-A68D-7590B98EB39B}"
EndProject
Project("{FAE04EC0-301F-11D3-BF4B-00C04F79EFBC}") = "AionNetGate.Core", "src\AionNetGate.Core\AionNetGate.Core.csproj", "{68A7C45A-C009-4C52-A626-C4D7BBFA14CF}"
EndProject
Project("{FAE04EC0-301F-11D3-BF4B-00C04F79EFBC}") = "AionNetGate.Infrastructure", "src\AionNetGate.Infrastructure\AionNetGate.Infrastructure.csproj", "{EA111568-462B-4C52-AF5C-6E8241F79305}"
EndProject
Project("{FAE04EC0-301F-11D3-BF4B-00C04F79EFBC}") = "AionNetGate.Application", "src\AionNetGate.Application\AionNetGate.Application.csproj", "{0A7CB66A-8386-4E48-87A7-3DB76B044FA7}"
EndProject
Project("{FAE04EC0-301F-11D3-BF4B-00C04F79EFBC}") = "AionNetGate.Network", "src\AionNetGate.Network\AionNetGate.Network.csproj", "{D9117179-E546-41A2-9534-1FFCF8518F8D}"
EndProject
Project("{FAE04EC0-301F-11D3-BF4B-00C04F79EFBC}") = "AionNetGate.Host", "src\AionNetGate.Host\AionNetGate.Host.csproj", "{337788FF-28E8-4B64-B2BC-232552918A20}"
EndProject
Project("{FAE04EC0-301F-11D3-BF4B-00C04F79EFBC}") = "AionNetGate.WebApi", "src\AionNetGate.WebApi\AionNetGate.WebApi.csproj", "{A1B2C3D4-E5F6-7890-ABCD-EF1234567890}"
EndProject
Project("{FAE04EC0-301F-11D3-BF4B-00C04F79EFBC}") = "AionNetGate.Gateway", "src\AionNetGate.Gateway\AionNetGate.Gateway.csproj", "{D2E3F4A5-B6C7-8901-2345-6789ABCDEF01}"
EndProject
Project("{FAE04EC0-301F-11D3-BF4B-00C04F79EFBC}") = "AionNetGate.Aspire.AppHost", "src\AionNetGate.Aspire.AppHost\AionNetGate.Aspire.AppHost.csproj", "{E3F4A5B6-C7D8-9012-3456-789ABCDEF012}"
EndProject
Project("{FAE04EC0-301F-11D3-BF4B-00C04F79EFBC}") = "AionNetGate.Aspire.ServiceDefaults", "src\AionNetGate.Aspire.ServiceDefaults\AionNetGate.Aspire.ServiceDefaults.csproj", "{F4A5B6C7-D8E9-0123-4567-89ABCDEF0123}"
EndProject
Project("{FAE04EC0-301F-11D3-BF4B-00C04F79EFBC}") = "AionNetGate.UnitTests", "tests\AionNetGate.UnitTests\AionNetGate.UnitTests.csproj", "{B1B2154B-64BF-4DE5-A237-1BDBED2AE4DD}"
EndProject
Project("{2150E333-8FDC-42A3-9474-1A3956D46DE8}") = "tests", "tests", "{0AB3BF05-4346-4AA6-1389-037BE0695223}"
EndProject
Project("{FAE04EC0-301F-11D3-BF4B-00C04F79EFBC}") = "AionNetGate.IntegrationTests", "tests\AionNetGate.IntegrationTests\AionNetGate.IntegrationTests.csproj", "{38DF3A93-7B22-46E3-98F0-A0652B9287A2}"
EndProject
Global
	GlobalSection(SolutionConfigurationPlatforms) = preSolution
		Debug|Any CPU = Debug|Any CPU
		Debug|x64 = Debug|x64
		Debug|x86 = Debug|x86
		Release|Any CPU = Release|Any CPU
		Release|x64 = Release|x64
		Release|x86 = Release|x86
	EndGlobalSection
	GlobalSection(ProjectConfigurationPlatforms) = postSolution
		{68A7C45A-C009-4C52-A626-C4D7BBFA14CF}.Debug|Any CPU.ActiveCfg = Debug|Any CPU
		{68A7C45A-C009-4C52-A626-C4D7BBFA14CF}.Debug|Any CPU.Build.0 = Debug|Any CPU
		{68A7C45A-C009-4C52-A626-C4D7BBFA14CF}.Debug|x64.ActiveCfg = Debug|Any CPU
		{68A7C45A-C009-4C52-A626-C4D7BBFA14CF}.Debug|x64.Build.0 = Debug|Any CPU
		{68A7C45A-C009-4C52-A626-C4D7BBFA14CF}.Debug|x86.ActiveCfg = Debug|Any CPU
		{68A7C45A-C009-4C52-A626-C4D7BBFA14CF}.Debug|x86.Build.0 = Debug|Any CPU
		{68A7C45A-C009-4C52-A626-C4D7BBFA14CF}.Release|Any CPU.ActiveCfg = Release|Any CPU
		{68A7C45A-C009-4C52-A626-C4D7BBFA14CF}.Release|Any CPU.Build.0 = Release|Any CPU
		{68A7C45A-C009-4C52-A626-C4D7BBFA14CF}.Release|x64.ActiveCfg = Release|Any CPU
		{68A7C45A-C009-4C52-A626-C4D7BBFA14CF}.Release|x64.Build.0 = Release|Any CPU
		{68A7C45A-C009-4C52-A626-C4D7BBFA14CF}.Release|x86.ActiveCfg = Release|Any CPU
		{68A7C45A-C009-4C52-A626-C4D7BBFA14CF}.Release|x86.Build.0 = Release|Any CPU
		{EA111568-462B-4C52-AF5C-6E8241F79305}.Debug|Any CPU.ActiveCfg = Debug|Any CPU
		{EA111568-462B-4C52-AF5C-6E8241F79305}.Debug|Any CPU.Build.0 = Debug|Any CPU
		{EA111568-462B-4C52-AF5C-6E8241F79305}.Debug|x64.ActiveCfg = Debug|Any CPU
		{EA111568-462B-4C52-AF5C-6E8241F79305}.Debug|x64.Build.0 = Debug|Any CPU
		{EA111568-462B-4C52-AF5C-6E8241F79305}.Debug|x86.ActiveCfg = Debug|Any CPU
		{EA111568-462B-4C52-AF5C-6E8241F79305}.Debug|x86.Build.0 = Debug|Any CPU
		{EA111568-462B-4C52-AF5C-6E8241F79305}.Release|Any CPU.ActiveCfg = Release|Any CPU
		{EA111568-462B-4C52-AF5C-6E8241F79305}.Release|Any CPU.Build.0 = Release|Any CPU
		{EA111568-462B-4C52-AF5C-6E8241F79305}.Release|x64.ActiveCfg = Release|Any CPU
		{EA111568-462B-4C52-AF5C-6E8241F79305}.Release|x64.Build.0 = Release|Any CPU
		{EA111568-462B-4C52-AF5C-6E8241F79305}.Release|x86.ActiveCfg = Release|Any CPU
		{EA111568-462B-4C52-AF5C-6E8241F79305}.Release|x86.Build.0 = Release|Any CPU
		{0A7CB66A-8386-4E48-87A7-3DB76B044FA7}.Debug|Any CPU.ActiveCfg = Debug|Any CPU
		{0A7CB66A-8386-4E48-87A7-3DB76B044FA7}.Debug|Any CPU.Build.0 = Debug|Any CPU
		{0A7CB66A-8386-4E48-87A7-3DB76B044FA7}.Debug|x64.ActiveCfg = Debug|Any CPU
		{0A7CB66A-8386-4E48-87A7-3DB76B044FA7}.Debug|x64.Build.0 = Debug|Any CPU
		{0A7CB66A-8386-4E48-87A7-3DB76B044FA7}.Debug|x86.ActiveCfg = Debug|Any CPU
		{0A7CB66A-8386-4E48-87A7-3DB76B044FA7}.Debug|x86.Build.0 = Debug|Any CPU
		{0A7CB66A-8386-4E48-87A7-3DB76B044FA7}.Release|Any CPU.ActiveCfg = Release|Any CPU
		{0A7CB66A-8386-4E48-87A7-3DB76B044FA7}.Release|Any CPU.Build.0 = Release|Any CPU
		{0A7CB66A-8386-4E48-87A7-3DB76B044FA7}.Release|x64.ActiveCfg = Release|Any CPU
		{0A7CB66A-8386-4E48-87A7-3DB76B044FA7}.Release|x64.Build.0 = Release|Any CPU
		{0A7CB66A-8386-4E48-87A7-3DB76B044FA7}.Release|x86.ActiveCfg = Release|Any CPU
		{0A7CB66A-8386-4E48-87A7-3DB76B044FA7}.Release|x86.Build.0 = Release|Any CPU
		{D9117179-E546-41A2-9534-1FFCF8518F8D}.Debug|Any CPU.ActiveCfg = Debug|Any CPU
		{D9117179-E546-41A2-9534-1FFCF8518F8D}.Debug|Any CPU.Build.0 = Debug|Any CPU
		{D9117179-E546-41A2-9534-1FFCF8518F8D}.Debug|x64.ActiveCfg = Debug|Any CPU
		{D9117179-E546-41A2-9534-1FFCF8518F8D}.Debug|x64.Build.0 = Debug|Any CPU
		{D9117179-E546-41A2-9534-1FFCF8518F8D}.Debug|x86.ActiveCfg = Debug|Any CPU
		{D9117179-E546-41A2-9534-1FFCF8518F8D}.Debug|x86.Build.0 = Debug|Any CPU
		{D9117179-E546-41A2-9534-1FFCF8518F8D}.Release|Any CPU.ActiveCfg = Release|Any CPU
		{D9117179-E546-41A2-9534-1FFCF8518F8D}.Release|Any CPU.Build.0 = Release|Any CPU
		{D9117179-E546-41A2-9534-1FFCF8518F8D}.Release|x64.ActiveCfg = Release|Any CPU
		{D9117179-E546-41A2-9534-1FFCF8518F8D}.Release|x64.Build.0 = Release|Any CPU
		{D9117179-E546-41A2-9534-1FFCF8518F8D}.Release|x86.ActiveCfg = Release|Any CPU
		{D9117179-E546-41A2-9534-1FFCF8518F8D}.Release|x86.Build.0 = Release|Any CPU
		{337788FF-28E8-4B64-B2BC-232552918A20}.Debug|Any CPU.ActiveCfg = Debug|Any CPU
		{337788FF-28E8-4B64-B2BC-232552918A20}.Debug|Any CPU.Build.0 = Debug|Any CPU
		{337788FF-28E8-4B64-B2BC-232552918A20}.Debug|x64.ActiveCfg = Debug|Any CPU
		{337788FF-28E8-4B64-B2BC-232552918A20}.Debug|x64.Build.0 = Debug|Any CPU
		{337788FF-28E8-4B64-B2BC-232552918A20}.Debug|x86.ActiveCfg = Debug|Any CPU
		{337788FF-28E8-4B64-B2BC-232552918A20}.Debug|x86.Build.0 = Debug|Any CPU
		{337788FF-28E8-4B64-B2BC-232552918A20}.Release|Any CPU.ActiveCfg = Release|Any CPU
		{337788FF-28E8-4B64-B2BC-232552918A20}.Release|Any CPU.Build.0 = Release|Any CPU
		{337788FF-28E8-4B64-B2BC-232552918A20}.Release|x64.ActiveCfg = Release|Any CPU
		{337788FF-28E8-4B64-B2BC-232552918A20}.Release|x64.Build.0 = Release|Any CPU
		{337788FF-28E8-4B64-B2BC-232552918A20}.Release|x86.ActiveCfg = Release|Any CPU
		{337788FF-28E8-4B64-B2BC-232552918A20}.Release|x86.Build.0 = Release|Any CPU
		{B1B2154B-64BF-4DE5-A237-1BDBED2AE4DD}.Debug|Any CPU.ActiveCfg = Debug|Any CPU
		{B1B2154B-64BF-4DE5-A237-1BDBED2AE4DD}.Debug|Any CPU.Build.0 = Debug|Any CPU
		{B1B2154B-64BF-4DE5-A237-1BDBED2AE4DD}.Debug|x64.ActiveCfg = Debug|Any CPU
		{B1B2154B-64BF-4DE5-A237-1BDBED2AE4DD}.Debug|x64.Build.0 = Debug|Any CPU
		{B1B2154B-64BF-4DE5-A237-1BDBED2AE4DD}.Debug|x86.ActiveCfg = Debug|Any CPU
		{B1B2154B-64BF-4DE5-A237-1BDBED2AE4DD}.Debug|x86.Build.0 = Debug|Any CPU
		{B1B2154B-64BF-4DE5-A237-1BDBED2AE4DD}.Release|Any CPU.ActiveCfg = Release|Any CPU
		{B1B2154B-64BF-4DE5-A237-1BDBED2AE4DD}.Release|Any CPU.Build.0 = Release|Any CPU
		{B1B2154B-64BF-4DE5-A237-1BDBED2AE4DD}.Release|x64.ActiveCfg = Release|Any CPU
		{B1B2154B-64BF-4DE5-A237-1BDBED2AE4DD}.Release|x64.Build.0 = Release|Any CPU
		{B1B2154B-64BF-4DE5-A237-1BDBED2AE4DD}.Release|x86.ActiveCfg = Release|Any CPU
		{B1B2154B-64BF-4DE5-A237-1BDBED2AE4DD}.Release|x86.Build.0 = Release|Any CPU
		{38DF3A93-7B22-46E3-98F0-A0652B9287A2}.Debug|Any CPU.ActiveCfg = Debug|Any CPU
		{38DF3A93-7B22-46E3-98F0-A0652B9287A2}.Debug|Any CPU.Build.0 = Debug|Any CPU
		{38DF3A93-7B22-46E3-98F0-A0652B9287A2}.Debug|x64.ActiveCfg = Debug|Any CPU
		{38DF3A93-7B22-46E3-98F0-A0652B9287A2}.Debug|x64.Build.0 = Debug|Any CPU
		{38DF3A93-7B22-46E3-98F0-A0652B9287A2}.Debug|x86.ActiveCfg = Debug|Any CPU
		{38DF3A93-7B22-46E3-98F0-A0652B9287A2}.Debug|x86.Build.0 = Debug|Any CPU
		{38DF3A93-7B22-46E3-98F0-A0652B9287A2}.Release|Any CPU.ActiveCfg = Release|Any CPU
		{38DF3A93-7B22-46E3-98F0-A0652B9287A2}.Release|Any CPU.Build.0 = Release|Any CPU
		{38DF3A93-7B22-46E3-98F0-A0652B9287A2}.Release|x64.ActiveCfg = Release|Any CPU
		{38DF3A93-7B22-46E3-98F0-A0652B9287A2}.Release|x64.Build.0 = Release|Any CPU
		{38DF3A93-7B22-46E3-98F0-A0652B9287A2}.Release|x86.ActiveCfg = Release|Any CPU
		{38DF3A93-7B22-46E3-98F0-A0652B9287A2}.Release|x86.Build.0 = Release|Any CPU
		{A1B2C3D4-E5F6-7890-ABCD-EF1234567890}.Debug|Any CPU.ActiveCfg = Debug|Any CPU
		{A1B2C3D4-E5F6-7890-ABCD-EF1234567890}.Debug|Any CPU.Build.0 = Debug|Any CPU
		{A1B2C3D4-E5F6-7890-ABCD-EF1234567890}.Debug|x64.ActiveCfg = Debug|Any CPU
		{A1B2C3D4-E5F6-7890-ABCD-EF1234567890}.Debug|x64.Build.0 = Debug|Any CPU
		{A1B2C3D4-E5F6-7890-ABCD-EF1234567890}.Debug|x86.ActiveCfg = Debug|Any CPU
		{A1B2C3D4-E5F6-7890-ABCD-EF1234567890}.Debug|x86.Build.0 = Debug|Any CPU
		{A1B2C3D4-E5F6-7890-ABCD-EF1234567890}.Release|Any CPU.ActiveCfg = Release|Any CPU
		{A1B2C3D4-E5F6-7890-ABCD-EF1234567890}.Release|Any CPU.Build.0 = Release|Any CPU
		{A1B2C3D4-E5F6-7890-ABCD-EF1234567890}.Release|x64.ActiveCfg = Release|Any CPU
		{A1B2C3D4-E5F6-7890-ABCD-EF1234567890}.Release|x64.Build.0 = Release|Any CPU
		{A1B2C3D4-E5F6-7890-ABCD-EF1234567890}.Release|x86.ActiveCfg = Release|Any CPU
		{A1B2C3D4-E5F6-7890-ABCD-EF1234567890}.Release|x86.Build.0 = Release|Any CPU
		{D2E3F4A5-B6C7-8901-2345-6789ABCDEF01}.Debug|Any CPU.ActiveCfg = Debug|Any CPU
		{D2E3F4A5-B6C7-8901-2345-6789ABCDEF01}.Debug|Any CPU.Build.0 = Debug|Any CPU
		{D2E3F4A5-B6C7-8901-2345-6789ABCDEF01}.Debug|x64.ActiveCfg = Debug|Any CPU
		{D2E3F4A5-B6C7-8901-2345-6789ABCDEF01}.Debug|x64.Build.0 = Debug|Any CPU
		{D2E3F4A5-B6C7-8901-2345-6789ABCDEF01}.Debug|x86.ActiveCfg = Debug|Any CPU
		{D2E3F4A5-B6C7-8901-2345-6789ABCDEF01}.Debug|x86.Build.0 = Debug|Any CPU
		{D2E3F4A5-B6C7-8901-2345-6789ABCDEF01}.Release|Any CPU.ActiveCfg = Release|Any CPU
		{D2E3F4A5-B6C7-8901-2345-6789ABCDEF01}.Release|Any CPU.Build.0 = Release|Any CPU
		{D2E3F4A5-B6C7-8901-2345-6789ABCDEF01}.Release|x64.ActiveCfg = Release|Any CPU
		{D2E3F4A5-B6C7-8901-2345-6789ABCDEF01}.Release|x64.Build.0 = Release|Any CPU
		{D2E3F4A5-B6C7-8901-2345-6789ABCDEF01}.Release|x86.ActiveCfg = Release|Any CPU
		{D2E3F4A5-B6C7-8901-2345-6789ABCDEF01}.Release|x86.Build.0 = Release|Any CPU
		{E3F4A5B6-C7D8-9012-3456-789ABCDEF012}.Debug|Any CPU.ActiveCfg = Debug|Any CPU
		{E3F4A5B6-C7D8-9012-3456-789ABCDEF012}.Debug|Any CPU.Build.0 = Debug|Any CPU
		{E3F4A5B6-C7D8-9012-3456-789ABCDEF012}.Debug|x64.ActiveCfg = Debug|Any CPU
		{E3F4A5B6-C7D8-9012-3456-789ABCDEF012}.Debug|x64.Build.0 = Debug|Any CPU
		{E3F4A5B6-C7D8-9012-3456-789ABCDEF012}.Debug|x86.ActiveCfg = Debug|Any CPU
		{E3F4A5B6-C7D8-9012-3456-789ABCDEF012}.Debug|x86.Build.0 = Debug|Any CPU
		{E3F4A5B6-C7D8-9012-3456-789ABCDEF012}.Release|Any CPU.ActiveCfg = Release|Any CPU
		{E3F4A5B6-C7D8-9012-3456-789ABCDEF012}.Release|Any CPU.Build.0 = Release|Any CPU
		{E3F4A5B6-C7D8-9012-3456-789ABCDEF012}.Release|x64.ActiveCfg = Release|Any CPU
		{E3F4A5B6-C7D8-9012-3456-789ABCDEF012}.Release|x64.Build.0 = Release|Any CPU
		{E3F4A5B6-C7D8-9012-3456-789ABCDEF012}.Release|x86.ActiveCfg = Release|Any CPU
		{E3F4A5B6-C7D8-9012-3456-789ABCDEF012}.Release|x86.Build.0 = Release|Any CPU
		{F4A5B6C7-D8E9-0123-4567-89ABCDEF0123}.Debug|Any CPU.ActiveCfg = Debug|Any CPU
		{F4A5B6C7-D8E9-0123-4567-89ABCDEF0123}.Debug|Any CPU.Build.0 = Debug|Any CPU
		{F4A5B6C7-D8E9-0123-4567-89ABCDEF0123}.Debug|x64.ActiveCfg = Debug|Any CPU
		{F4A5B6C7-D8E9-0123-4567-89ABCDEF0123}.Debug|x64.Build.0 = Debug|Any CPU
		{F4A5B6C7-D8E9-0123-4567-89ABCDEF0123}.Debug|x86.ActiveCfg = Debug|Any CPU
		{F4A5B6C7-D8E9-0123-4567-89ABCDEF0123}.Debug|x86.Build.0 = Debug|Any CPU
		{F4A5B6C7-D8E9-0123-4567-89ABCDEF0123}.Release|Any CPU.ActiveCfg = Release|Any CPU
		{F4A5B6C7-D8E9-0123-4567-89ABCDEF0123}.Release|Any CPU.Build.0 = Release|Any CPU
		{F4A5B6C7-D8E9-0123-4567-89ABCDEF0123}.Release|x64.ActiveCfg = Release|Any CPU
		{F4A5B6C7-D8E9-0123-4567-89ABCDEF0123}.Release|x64.Build.0 = Release|Any CPU
		{F4A5B6C7-D8E9-0123-4567-89ABCDEF0123}.Release|x86.ActiveCfg = Release|Any CPU
		{F4A5B6C7-D8E9-0123-4567-89ABCDEF0123}.Release|x86.Build.0 = Release|Any CPU
	EndGlobalSection
	GlobalSection(SolutionProperties) = preSolution
		HideSolutionNode = FALSE
	EndGlobalSection
	GlobalSection(NestedProjects) = preSolution
		{68A7C45A-C009-4C52-A626-C4D7BBFA14CF} = {827E0CD3-B72D-47B6-A68D-7590B98EB39B}
		{EA111568-462B-4C52-AF5C-6E8241F79305} = {827E0CD3-B72D-47B6-A68D-7590B98EB39B}
		{0A7CB66A-8386-4E48-87A7-3DB76B044FA7} = {827E0CD3-B72D-47B6-A68D-7590B98EB39B}
		{D9117179-E546-41A2-9534-1FFCF8518F8D} = {827E0CD3-B72D-47B6-A68D-7590B98EB39B}
		{337788FF-28E8-4B64-B2BC-232552918A20} = {827E0CD3-B72D-47B6-A68D-7590B98EB39B}
		{A1B2C3D4-E5F6-7890-ABCD-EF1234567890} = {827E0CD3-B72D-47B6-A68D-7590B98EB39B}
		{D2E3F4A5-B6C7-8901-2345-6789ABCDEF01} = {827E0CD3-B72D-47B6-A68D-7590B98EB39B}
		{E3F4A5B6-C7D8-9012-3456-789ABCDEF012} = {827E0CD3-B72D-47B6-A68D-7590B98EB39B}
		{F4A5B6C7-D8E9-0123-4567-89ABCDEF0123} = {827E0CD3-B72D-47B6-A68D-7590B98EB39B}
		{B1B2154B-64BF-4DE5-A237-1BDBED2AE4DD} = {0AB3BF05-4346-4AA6-1389-037BE0695223}
		{38DF3A93-7B22-46E3-98F0-A0652B9287A2} = {0AB3BF05-4346-4AA6-1389-037BE0695223}
	EndGlobalSection
EndGlobal
