
Microsoft Visual Studio Solution File, Format Version 12.00
# Visual Studio Version 17
VisualStudioVersion = 17.0.31903.59
MinimumVisualStudioVersion = 10.0.40219.1
Project("{FAE04EC0-301F-11D3-BF4B-00C04F79EFBC}") = "AionNetGate.Core", "AionNetGate.Core\AionNetGate.Core.csproj", "{74FE5FF4-C835-4A0F-BF22-726C0C2C7DC2}"
EndProject
Project("{FAE04EC0-301F-11D3-BF4B-00C04F79EFBC}") = "AionNetGate.Desktop", "AionNetGate.Desktop\AionNetGate.Desktop.csproj", "{DC0E18D9-3D88-4F47-8341-2DBE230ABA5F}"
EndProject
Project("{FAE04EC0-301F-11D3-BF4B-00C04F79EFBC}") = "AionNetGate.Tests", "AionNetGate.Tests\AionNetGate.Tests.csproj", "{6FA48252-D565-4885-BA65-35A1B45E66AB}"
EndProject
Global
	GlobalSection(SolutionConfigurationPlatforms) = preSolution
		Debug|Any CPU = Debug|Any CPU
		Debug|x64 = Debug|x64
		Debug|x86 = Debug|x86
		Release|Any CPU = Release|Any CPU
		Release|x64 = Release|x64
		Release|x86 = Release|x86
	EndGlobalSection
	GlobalSection(ProjectConfigurationPlatforms) = postSolution
		{74FE5FF4-C835-4A0F-BF22-726C0C2C7DC2}.Debug|Any CPU.ActiveCfg = Debug|Any CPU
		{74FE5FF4-C835-4A0F-BF22-726C0C2C7DC2}.Debug|Any CPU.Build.0 = Debug|Any CPU
		{74FE5FF4-C835-4A0F-BF22-726C0C2C7DC2}.Debug|x64.ActiveCfg = Debug|Any CPU
		{74FE5FF4-C835-4A0F-BF22-726C0C2C7DC2}.Debug|x64.Build.0 = Debug|Any CPU
		{74FE5FF4-C835-4A0F-BF22-726C0C2C7DC2}.Debug|x86.ActiveCfg = Debug|Any CPU
		{74FE5FF4-C835-4A0F-BF22-726C0C2C7DC2}.Debug|x86.Build.0 = Debug|Any CPU
		{74FE5FF4-C835-4A0F-BF22-726C0C2C7DC2}.Release|Any CPU.ActiveCfg = Release|Any CPU
		{74FE5FF4-C835-4A0F-BF22-726C0C2C7DC2}.Release|Any CPU.Build.0 = Release|Any CPU
		{74FE5FF4-C835-4A0F-BF22-726C0C2C7DC2}.Release|x64.ActiveCfg = Release|Any CPU
		{74FE5FF4-C835-4A0F-BF22-726C0C2C7DC2}.Release|x64.Build.0 = Release|Any CPU
		{74FE5FF4-C835-4A0F-BF22-726C0C2C7DC2}.Release|x86.ActiveCfg = Release|Any CPU
		{74FE5FF4-C835-4A0F-BF22-726C0C2C7DC2}.Release|x86.Build.0 = Release|Any CPU
		{DC0E18D9-3D88-4F47-8341-2DBE230ABA5F}.Debug|Any CPU.ActiveCfg = Debug|Any CPU
		{DC0E18D9-3D88-4F47-8341-2DBE230ABA5F}.Debug|Any CPU.Build.0 = Debug|Any CPU
		{DC0E18D9-3D88-4F47-8341-2DBE230ABA5F}.Debug|x64.ActiveCfg = Debug|Any CPU
		{DC0E18D9-3D88-4F47-8341-2DBE230ABA5F}.Debug|x64.Build.0 = Debug|Any CPU
		{DC0E18D9-3D88-4F47-8341-2DBE230ABA5F}.Debug|x86.ActiveCfg = Debug|Any CPU
		{DC0E18D9-3D88-4F47-8341-2DBE230ABA5F}.Debug|x86.Build.0 = Debug|Any CPU
		{DC0E18D9-3D88-4F47-8341-2DBE230ABA5F}.Release|Any CPU.ActiveCfg = Release|Any CPU
		{DC0E18D9-3D88-4F47-8341-2DBE230ABA5F}.Release|Any CPU.Build.0 = Release|Any CPU
		{DC0E18D9-3D88-4F47-8341-2DBE230ABA5F}.Release|x64.ActiveCfg = Release|Any CPU
		{DC0E18D9-3D88-4F47-8341-2DBE230ABA5F}.Release|x64.Build.0 = Release|Any CPU
		{DC0E18D9-3D88-4F47-8341-2DBE230ABA5F}.Release|x86.ActiveCfg = Release|Any CPU
		{DC0E18D9-3D88-4F47-8341-2DBE230ABA5F}.Release|x86.Build.0 = Release|Any CPU
		{6FA48252-D565-4885-BA65-35A1B45E66AB}.Debug|Any CPU.ActiveCfg = Debug|Any CPU
		{6FA48252-D565-4885-BA65-35A1B45E66AB}.Debug|Any CPU.Build.0 = Debug|Any CPU
		{6FA48252-D565-4885-BA65-35A1B45E66AB}.Debug|x64.ActiveCfg = Debug|Any CPU
		{6FA48252-D565-4885-BA65-35A1B45E66AB}.Debug|x64.Build.0 = Debug|Any CPU
		{6FA48252-D565-4885-BA65-35A1B45E66AB}.Debug|x86.ActiveCfg = Debug|Any CPU
		{6FA48252-D565-4885-BA65-35A1B45E66AB}.Debug|x86.Build.0 = Debug|Any CPU
		{6FA48252-D565-4885-BA65-35A1B45E66AB}.Release|Any CPU.ActiveCfg = Release|Any CPU
		{6FA48252-D565-4885-BA65-35A1B45E66AB}.Release|Any CPU.Build.0 = Release|Any CPU
		{6FA48252-D565-4885-BA65-35A1B45E66AB}.Release|x64.ActiveCfg = Release|Any CPU
		{6FA48252-D565-4885-BA65-35A1B45E66AB}.Release|x64.Build.0 = Release|Any CPU
		{6FA48252-D565-4885-BA65-35A1B45E66AB}.Release|x86.ActiveCfg = Release|Any CPU
		{6FA48252-D565-4885-BA65-35A1B45E66AB}.Release|x86.Build.0 = Release|Any CPU
	EndGlobalSection
	GlobalSection(SolutionProperties) = preSolution
		HideSolutionNode = FALSE
	EndGlobalSection
EndGlobal
